
Microsoft Visual Studio Solution File, Format Version 12.00
# Visual Studio Version 17
VisualStudioVersion = 17.0.31903.59
MinimumVisualStudioVersion = 10.0.40219.1
Project("{2150E333-8FDC-42A3-9474-1A3956D46DE8}") = "Solution Items", "Solution Items", "{F06A9023-6B30-49F4-800F-7D0962AF983C}"
	ProjectSection(SolutionItems) = preProject
		.gitignore = .gitignore
		README.md = README.md
		.dockerignore = .dockerignore
		.editorconfig = .editorconfig
		Directory.Build.props = Directory.Build.props
		Directory.Packages.props = Directory.Packages.props
		global.json = global.json
	EndProjectSection
EndProject
Project("{2150E333-8FDC-42A3-9474-1A3956D46DE8}") = "src", "src", "{229E1888-0DAC-4F7C-A9D6-9AF3F94C293D}"
EndProject
Project("{2150E333-8FDC-42A3-9474-1A3956D46DE8}") = "tests", "tests", "{BA3F4EF3-3ABB-46CF-8A45-FD8F2B3FE819}"
EndProject
Project("{FAE04EC0-301F-11D3-BF4B-00C04F79EFBC}") = "Conways.GameOfLife.Domain", "src\Conways.GameOfLife.Domain\Conways.GameOfLife.Domain.csproj", "{C419FB97-4442-4D28-A62D-16F25FFC1220}"
EndProject
Project("{FAE04EC0-301F-11D3-BF4B-00C04F79EFBC}") = "Conways.GameOfLife.Domain.UnitTests", "tests\Conways.GameOfLife.Domain.UnitTests\Conways.GameOfLife.Domain.UnitTests.csproj", "{A572E6C3-2017-4EB7-8C25-0095C70FDC4E}"
EndProject
Project("{FAE04EC0-301F-11D3-BF4B-00C04F79EFBC}") = "Conways.GameOfLife.IntegrationTests", "tests\Conways.GameOfLife.IntegrationTests\Conways.GameOfLife.IntegrationTests.csproj", "{BBC9EAB6-18BE-4EC3-ACF7-C56C431A9F40}"
EndProject
Project("{FAE04EC0-301F-11D3-BF4B-00C04F79EFBC}") = "Conways.GameOfLife.API", "src\Conways.GameOfLife.API\Conways.GameOfLife.API.csproj", "{C28745E5-796A-41A1-8BCF-9F11212E4C17}"
EndProject
Project("{FAE04EC0-301F-11D3-BF4B-00C04F79EFBC}") = "Conways.GameOfLife.Infrastructure", "src\Conways.GameOfLife.Infrastructure\Conways.GameOfLife.Infrastructure.csproj", "{CE05B38E-EA36-445D-97B8-BC24B87C953E}"
EndProject
Project("{2150E333-8FDC-42A3-9474-1A3956D46DE8}") = ".github", ".github", "{4D6B81F7-ACAF-484F-8D65-C291E5867C85}"
	ProjectSection(SolutionItems) = preProject
		.github\pull_request_template.md = .github\pull_request_template.md
	EndProjectSection
EndProject
Project("{2150E333-8FDC-42A3-9474-1A3956D46DE8}") = "workflows", "workflows", "{D62AFEBC-7DC7-4710-A902-EF2FA4DF3969}"
	ProjectSection(SolutionItems) = preProject
		.github\workflows\sonar_push.yml = .github\workflows\sonar_push.yml
		.github\workflows\sonar_pull_request.yml = .github\workflows\sonar_pull_request.yml
		.github\workflows\issue_notification.yml = .github\workflows\issue_notification.yml
		.github\workflows\pull_request.yml = .github\workflows\pull_request.yml
		.github\workflows\push_image.yml = .github\workflows\push_image.yml
	EndProjectSection
EndProject
Project("{2150E333-8FDC-42A3-9474-1A3956D46DE8}") = "ISSUE_TEMPLATE", "ISSUE_TEMPLATE", "{818AE0FC-8250-443E-9BA0-F125C3334CE2}"
	ProjectSection(SolutionItems) = preProject
		.github\ISSUE_TEMPLATE\simple-issue-task.md = .github\ISSUE_TEMPLATE\simple-issue-task.md
	EndProjectSection
EndProject
Project("{FAE04EC0-301F-11D3-BF4B-00C04F79EFBC}") = "Conways.GameOfLife.AppHost", "src\Conways.GameOfLife.AppHost\Conways.GameOfLife.AppHost.csproj", "{7DED051D-B336-4C32-9ECD-A034321A9D40}"
EndProject
Project("{2150E333-8FDC-42A3-9474-1A3956D46DE8}") = "1. Aspire", "1. Aspire", "{1F02AA9F-62AD-40D9-BD42-451C4E94CE31}"
EndProject
Project("{2150E333-8FDC-42A3-9474-1A3956D46DE8}") = "2. API", "2. API", "{F3E9AB37-6274-4933-9334-356E9030B94F}"
EndProject
Project("{FAE04EC0-301F-11D3-BF4B-00C04F79EFBC}") = "Conways.GameOfLife.ServiceDefaults", "src\Conways.GameOfLife.ServiceDefaults\Conways.GameOfLife.ServiceDefaults.csproj", "{C7F06B77-F1CC-47F4-B67D-10840416F9FC}"
EndProject
Project("{2150E333-8FDC-42A3-9474-1A3956D46DE8}") = ".vscode", ".vscode", "{3FE6B40C-5E4F-44D9-952D-9456C1A293C6}"
	ProjectSection(SolutionItems) = preProject
		.vscode\launch.json = .vscode\launch.json
	EndProjectSection
EndProject
Global
	GlobalSection(SolutionConfigurationPlatforms) = preSolution
		Debug|Any CPU = Debug|Any CPU
		Release|Any CPU = Release|Any CPU
	EndGlobalSection
	GlobalSection(SolutionProperties) = preSolution
		HideSolutionNode = FALSE
	EndGlobalSection
	GlobalSection(NestedProjects) = preSolution
		{A572E6C3-2017-4EB7-8C25-0095C70FDC4E} = {BA3F4EF3-3ABB-46CF-8A45-FD8F2B3FE819}
		{BBC9EAB6-18BE-4EC3-ACF7-C56C431A9F40} = {BA3F4EF3-3ABB-46CF-8A45-FD8F2B3FE819}
		{4D6B81F7-ACAF-484F-8D65-C291E5867C85} = {F06A9023-6B30-49F4-800F-7D0962AF983C}
		{D62AFEBC-7DC7-4710-A902-EF2FA4DF3969} = {4D6B81F7-ACAF-484F-8D65-C291E5867C85}
		{818AE0FC-8250-443E-9BA0-F125C3334CE2} = {4D6B81F7-ACAF-484F-8D65-C291E5867C85}
		{1F02AA9F-62AD-40D9-BD42-451C4E94CE31} = {229E1888-0DAC-4F7C-A9D6-9AF3F94C293D}
		{F3E9AB37-6274-4933-9334-356E9030B94F} = {229E1888-0DAC-4F7C-A9D6-9AF3F94C293D}
		{C28745E5-796A-41A1-8BCF-9F11212E4C17} = {F3E9AB37-6274-4933-9334-356E9030B94F}
		{C419FB97-4442-4D28-A62D-16F25FFC1220} = {F3E9AB37-6274-4933-9334-356E9030B94F}
		{CE05B38E-EA36-445D-97B8-BC24B87C953E} = {F3E9AB37-6274-4933-9334-356E9030B94F}
		{7DED051D-B336-4C32-9ECD-A034321A9D40} = {1F02AA9F-62AD-40D9-BD42-451C4E94CE31}
		{C7F06B77-F1CC-47F4-B67D-10840416F9FC} = {1F02AA9F-62AD-40D9-BD42-451C4E94CE31}
		{3FE6B40C-5E4F-44D9-952D-9456C1A293C6} = {F06A9023-6B30-49F4-800F-7D0962AF983C}
	EndGlobalSection
	GlobalSection(ProjectConfigurationPlatforms) = postSolution
		{C419FB97-4442-4D28-A62D-16F25FFC1220}.Debug|Any CPU.ActiveCfg = Debug|Any CPU
		{C419FB97-4442-4D28-A62D-16F25FFC1220}.Debug|Any CPU.Build.0 = Debug|Any CPU
		{C419FB97-4442-4D28-A62D-16F25FFC1220}.Release|Any CPU.ActiveCfg = Release|Any CPU
		{C419FB97-4442-4D28-A62D-16F25FFC1220}.Release|Any CPU.Build.0 = Release|Any CPU
		{A572E6C3-2017-4EB7-8C25-0095C70FDC4E}.Debug|Any CPU.ActiveCfg = Debug|Any CPU
		{A572E6C3-2017-4EB7-8C25-0095C70FDC4E}.Debug|Any CPU.Build.0 = Debug|Any CPU
		{A572E6C3-2017-4EB7-8C25-0095C70FDC4E}.Release|Any CPU.ActiveCfg = Release|Any CPU
		{A572E6C3-2017-4EB7-8C25-0095C70FDC4E}.Release|Any CPU.Build.0 = Release|Any CPU
		{BBC9EAB6-18BE-4EC3-ACF7-C56C431A9F40}.Debug|Any CPU.ActiveCfg = Debug|Any CPU
		{BBC9EAB6-18BE-4EC3-ACF7-C56C431A9F40}.Debug|Any CPU.Build.0 = Debug|Any CPU
		{BBC9EAB6-18BE-4EC3-ACF7-C56C431A9F40}.Release|Any CPU.ActiveCfg = Release|Any CPU
		{BBC9EAB6-18BE-4EC3-ACF7-C56C431A9F40}.Release|Any CPU.Build.0 = Release|Any CPU
		{C28745E5-796A-41A1-8BCF-9F11212E4C17}.Debug|Any CPU.ActiveCfg = Debug|Any CPU
		{C28745E5-796A-41A1-8BCF-9F11212E4C17}.Debug|Any CPU.Build.0 = Debug|Any CPU
		{C28745E5-796A-41A1-8BCF-9F11212E4C17}.Release|Any CPU.ActiveCfg = Release|Any CPU
		{C28745E5-796A-41A1-8BCF-9F11212E4C17}.Release|Any CPU.Build.0 = Release|Any CPU
		{CE05B38E-EA36-445D-97B8-BC24B87C953E}.Debug|Any CPU.ActiveCfg = Debug|Any CPU
		{CE05B38E-EA36-445D-97B8-BC24B87C953E}.Debug|Any CPU.Build.0 = Debug|Any CPU
		{CE05B38E-EA36-445D-97B8-BC24B87C953E}.Release|Any CPU.ActiveCfg = Release|Any CPU
		{CE05B38E-EA36-445D-97B8-BC24B87C953E}.Release|Any CPU.Build.0 = Release|Any CPU
		{7DED051D-B336-4C32-9ECD-A034321A9D40}.Debug|Any CPU.ActiveCfg = Debug|Any CPU
		{7DED051D-B336-4C32-9ECD-A034321A9D40}.Debug|Any CPU.Build.0 = Debug|Any CPU
		{7DED051D-B336-4C32-9ECD-A034321A9D40}.Release|Any CPU.ActiveCfg = Release|Any CPU
		{7DED051D-B336-4C32-9ECD-A034321A9D40}.Release|Any CPU.Build.0 = Release|Any CPU
		{C7F06B77-F1CC-47F4-B67D-10840416F9FC}.Debug|Any CPU.ActiveCfg = Debug|Any CPU
		{C7F06B77-F1CC-47F4-B67D-10840416F9FC}.Debug|Any CPU.Build.0 = Debug|Any CPU
		{C7F06B77-F1CC-47F4-B67D-10840416F9FC}.Release|Any CPU.ActiveCfg = Release|Any CPU
		{C7F06B77-F1CC-47F4-B67D-10840416F9FC}.Release|Any CPU.Build.0 = Release|Any CPU
	EndGlobalSection
EndGlobal
